
Microsoft Visual Studio Solution File, Format Version 12.00
# Visual Studio Version 17
VisualStudioVersion = 17.5.002.0
MinimumVisualStudioVersion = 10.0.40219.1
Project("{9A19103F-16F7-4668-BE54-9A1E7A4F7556}") = "CrudEscuela.Client", "Client\CrudEscuela.Client.csproj", "{2135E6AC-514A-4E82-A092-E44BC7128EB4}"
EndProject
Project("{9A19103F-16F7-4668-BE54-9A1E7A4F7556}") = "CrudEscuela.Server", "Server\CrudEscuela.Server.csproj", "{B7761DC0-F91A-4864-ADEA-BD09899AE82C}"
EndProject
Project("{9A19103F-16F7-4668-BE54-9A1E7A4F7556}") = "CrudEscuela.Shared", "Shared\CrudEscuela.Shared.csproj", "{0B27904A-58EA-40AC-B66D-D38C505A282A}"
EndProject
Global
	GlobalSection(SolutionConfigurationPlatforms) = preSolution
		Debug|Any CPU = Debug|Any CPU
		Release|Any CPU = Release|Any CPU
	EndGlobalSection
	GlobalSection(ProjectConfigurationPlatforms) = postSolution
		{2135E6AC-514A-4E82-A092-E44BC7128EB4}.Debug|Any CPU.ActiveCfg = Debug|Any CPU
		{2135E6AC-514A-4E82-A092-E44BC7128EB4}.Debug|Any CPU.Build.0 = Debug|Any CPU
		{2135E6AC-514A-4E82-A092-E44BC7128EB4}.Release|Any CPU.ActiveCfg = Release|Any CPU
		{2135E6AC-514A-4E82-A092-E44BC7128EB4}.Release|Any CPU.Build.0 = Release|Any CPU
		{B7761DC0-F91A-4864-ADEA-BD09899AE82C}.Debug|Any CPU.ActiveCfg = Debug|Any CPU
		{B7761DC0-F91A-4864-ADEA-BD09899AE82C}.Debug|Any CPU.Build.0 = Debug|Any CPU
		{B7761DC0-F91A-4864-ADEA-BD09899AE82C}.Release|Any CPU.ActiveCfg = Release|Any CPU
		{B7761DC0-F91A-4864-ADEA-BD09899AE82C}.Release|Any CPU.Build.0 = Release|Any CPU
		{0B27904A-58EA-40AC-B66D-D38C505A282A}.Debug|Any CPU.ActiveCfg = Debug|Any CPU
		{0B27904A-58EA-40AC-B66D-D38C505A282A}.Debug|Any CPU.Build.0 = Debug|Any CPU
		{0B27904A-58EA-40AC-B66D-D38C505A282A}.Release|Any CPU.ActiveCfg = Release|Any CPU
		{0B27904A-58EA-40AC-B66D-D38C505A282A}.Release|Any CPU.Build.0 = Release|Any CPU
	EndGlobalSection
	GlobalSection(SolutionProperties) = preSolution
		HideSolutionNode = FALSE
	EndGlobalSection
	GlobalSection(ExtensibilityGlobals) = postSolution
		SolutionGuid = {B6EA8B67-1588-4D4D-B061-2FD24B1C0C26}
	EndGlobalSection
EndGlobal
