
Microsoft Visual Studio Solution File, Format Version 12.00
# Visual Studio Version 17
VisualStudioVersion = 17.4.33205.214
MinimumVisualStudioVersion = 10.0.40219.1
Project("{9A19103F-16F7-4668-BE54-9A1E7A4F7556}") = "CrudEscuela.Server", "CrudEscuela\Server\CrudEscuela.Server.csproj", "{7EFCD7FD-FE00-4B69-9172-28A19B3564B2}"
EndProject
Project("{9A19103F-16F7-4668-BE54-9A1E7A4F7556}") = "CrudEscuela.Client", "CrudEscuela\Client\CrudEscuela.Client.csproj", "{5A3A3303-FA3C-43C0-9BB2-F85F1F86DC67}"
EndProject
Project("{9A19103F-16F7-4668-BE54-9A1E7A4F7556}") = "CrudEscuela.Shared", "CrudEscuela\Shared\CrudEscuela.Shared.csproj", "{67C10D74-23F6-49BD-BA5A-DA303B56FF61}"
EndProject
Global
	GlobalSection(SolutionConfigurationPlatforms) = preSolution
		Debug|Any CPU = Debug|Any CPU
		Release|Any CPU = Release|Any CPU
	EndGlobalSection
	GlobalSection(ProjectConfigurationPlatforms) = postSolution
		{7EFCD7FD-FE00-4B69-9172-28A19B3564B2}.Debug|Any CPU.ActiveCfg = Debug|Any CPU
		{7EFCD7FD-FE00-4B69-9172-28A19B3564B2}.Debug|Any CPU.Build.0 = Debug|Any CPU
		{7EFCD7FD-FE00-4B69-9172-28A19B3564B2}.Release|Any CPU.ActiveCfg = Release|Any CPU
		{7EFCD7FD-FE00-4B69-9172-28A19B3564B2}.Release|Any CPU.Build.0 = Release|Any CPU
		{5A3A3303-FA3C-43C0-9BB2-F85F1F86DC67}.Debug|Any CPU.ActiveCfg = Debug|Any CPU
		{5A3A3303-FA3C-43C0-9BB2-F85F1F86DC67}.Debug|Any CPU.Build.0 = Debug|Any CPU
		{5A3A3303-FA3C-43C0-9BB2-F85F1F86DC67}.Release|Any CPU.ActiveCfg = Release|Any CPU
		{5A3A3303-FA3C-43C0-9BB2-F85F1F86DC67}.Release|Any CPU.Build.0 = Release|Any CPU
		{67C10D74-23F6-49BD-BA5A-DA303B56FF61}.Debug|Any CPU.ActiveCfg = Debug|Any CPU
		{67C10D74-23F6-49BD-BA5A-DA303B56FF61}.Debug|Any CPU.Build.0 = Debug|Any CPU
		{67C10D74-23F6-49BD-BA5A-DA303B56FF61}.Release|Any CPU.ActiveCfg = Release|Any CPU
		{67C10D74-23F6-49BD-BA5A-DA303B56FF61}.Release|Any CPU.Build.0 = Release|Any CPU
	EndGlobalSection
	GlobalSection(SolutionProperties) = preSolution
		HideSolutionNode = FALSE
	EndGlobalSection
	GlobalSection(ExtensibilityGlobals) = postSolution
		SolutionGuid = {CFD84756-9D25-4A79-82FC-E9B5AF98EF3E}
	EndGlobalSection
EndGlobal
